
Microsoft Visual Studio Solution File, Format Version 12.00
# Visual Studio Version 16
VisualStudioVersion = 16.0.29123.88
MinimumVisualStudioVersion = 10.0.40219.1
Project("{FAE04EC0-301F-11D3-BF4B-00C04F79EFBC}") = "MyFavoriteAddresses", "MyFavoriteAddresses\MyFavoriteAddresses.csproj", "{5606BA38-6789-44BC-A852-F6D1E650E7E5}"
EndProject
Project("{9A19103F-16F7-4668-BE54-9A1E7A4F7556}") = "MyFavoriteAddresses.BLL", "MyFavoriteAddresses.BLL\MyFavoriteAddresses.BLL.csproj", "{76A7EA04-1BBF-4253-85AB-E375724AAD66}"
EndProject
Global
	GlobalSection(SolutionConfigurationPlatforms) = preSolution
		Debug|Any CPU = Debug|Any CPU
		Release|Any CPU = Release|Any CPU
	EndGlobalSection
	GlobalSection(ProjectConfigurationPlatforms) = postSolution
		{5606BA38-6789-44BC-A852-F6D1E650E7E5}.Debug|Any CPU.ActiveCfg = Debug|Any CPU
		{5606BA38-6789-44BC-A852-F6D1E650E7E5}.Debug|Any CPU.Build.0 = Debug|Any CPU
		{5606BA38-6789-44BC-A852-F6D1E650E7E5}.Debug|Any CPU.Deploy.0 = Debug|Any CPU
		{5606BA38-6789-44BC-A852-F6D1E650E7E5}.Release|Any CPU.ActiveCfg = Release|Any CPU
		{5606BA38-6789-44BC-A852-F6D1E650E7E5}.Release|Any CPU.Build.0 = Release|Any CPU
		{5606BA38-6789-44BC-A852-F6D1E650E7E5}.Release|Any CPU.Deploy.0 = Release|Any CPU
		{76A7EA04-1BBF-4253-85AB-E375724AAD66}.Debug|Any CPU.ActiveCfg = Debug|Any CPU
		{76A7EA04-1BBF-4253-85AB-E375724AAD66}.Debug|Any CPU.Build.0 = Debug|Any CPU
		{76A7EA04-1BBF-4253-85AB-E375724AAD66}.Release|Any CPU.ActiveCfg = Release|Any CPU
		{76A7EA04-1BBF-4253-85AB-E375724AAD66}.Release|Any CPU.Build.0 = Release|Any CPU
	EndGlobalSection
	GlobalSection(SolutionProperties) = preSolution
		HideSolutionNode = FALSE
	EndGlobalSection
	GlobalSection(ExtensibilityGlobals) = postSolution
		SolutionGuid = {9DC4C9A7-74CA-4F7B-AFEC-2B1ACCB2F4F1}
	EndGlobalSection
EndGlobal
